// !$*UTF8*$!
{
	archiveVersion = 1;
	classes = {
	};
	objectVersion = 77;
	objects = {

/* Begin PBXBuildFile section */
		9C6B36932F4A4708003F2133 /* FirebaseAnalytics in Frameworks */ = {isa = PBXBuildFile; productRef = 9C6B36922F4A4708003F2133 /* FirebaseAnalytics */; };
		9C6B36952F4A4708003F2133 /* FirebaseMessaging in Frameworks */ = {isa = PBXBuildFile; productRef = 9C6B36942F4A4708003F2133 /* FirebaseMessaging */; };
		9C6B36982F4A4879003F2133 /* Alamofire in Frameworks */ = {isa = PBXBuildFile; productRef = 9C6B36972F4A4879003F2133 /* Alamofire */; };
		9C6B369B2F4A48A8003F2133 /* KeychainSwift in Frameworks */ = {isa = PBXBuildFile; productRef = 9C6B369A2F4A48A8003F2133 /* KeychainSwift */; };
/* End PBXBuildFile section */

/* Begin PBXContainerItemProxy section */
		9C6B36752F4A4238003F2133 /* PBXContainerItemProxy */ = {
			isa = PBXContainerItemProxy;
			containerPortal = 9C6B365D2F4A422E003F2133 /* Project object */;
			proxyType = 1;
			remoteGlobalIDString = 9C6B36642F4A422E003F2133;
			remoteInfo = DevHub;
		};
		9C6B367F2F4A4238003F2133 /* PBXContainerItemProxy */ = {
			isa = PBXContainerItemProxy;
			containerPortal = 9C6B365D2F4A422E003F2133 /* Project object */;
			proxyType = 1;
			remoteGlobalIDString = 9C6B36642F4A422E003F2133;
			remoteInfo = DevHub;
		};
/* End PBXContainerItemProxy section */

/* Begin PBXFileReference section */
		9C6B36652F4A422E003F2133 /* DevHub.app */ = {isa = PBXFileReference; explicitFileType = wrapper.application; includeInIndex = 0; path = DevHub.app; sourceTree = BUILT_PRODUCTS_DIR; };
		9C6B36742F4A4238003F2133 /* DevHubTests.xctest */ = {isa = PBXFileReference; explicitFileType = wrapper.cfbundle; includeInIndex = 0; path = DevHubTests.xctest; sourceTree = BUILT_PRODUCTS_DIR; };
		9C6B367E2F4A4238003F2133 /* DevHubUITests.xctest */ = {isa = PBXFileReference; explicitFileType = wrapper.cfbundle; includeInIndex = 0; path = DevHubUITests.xctest; sourceTree = BUILT_PRODUCTS_DIR; };
/* End PBXFileReference section */

/* Begin PBXFileSystemSynchronizedRootGroup section */
		9C6B36672F4A422E003F2133 /* DevHub */ = {
			isa = PBXFileSystemSynchronizedRootGroup;
			path = DevHub;
			sourceTree = "<group>";
		};
		9C6B36772F4A4238003F2133 /* DevHubTests */ = {
			isa = PBXFileSystemSynchronizedRootGroup;
			path = DevHubTests;
			sourceTree = "<group>";
		};
		9C6B36812F4A4238003F2133 /* DevHubUITests */ = {
			isa = PBXFileSystemSynchronizedRootGroup;
			path = DevHubUITests;
			sourceTree = "<group>";
		};
/* End PBXFileSystemSynchronizedRootGroup section */

/* Begin PBXFrameworksBuildPhase section */
		9C6B36622F4A422E003F2133 /* Frameworks */ = {
			isa = PBXFrameworksBuildPhase;
			buildActionMask = 2147483647;
			files = (
				9C6B36982F4A4879003F2133 /* Alamofire in Frameworks */,
				9C6B36952F4A4708003F2133 /* FirebaseMessaging in Frameworks */,
				9C6B369B2F4A48A8003F2133 /* KeychainSwift in Frameworks */,
				9C6B36932F4A4708003F2133 /* FirebaseAnalytics in Frameworks */,
			);
			runOnlyForDeploymentPostprocessing = 0;
		};
		9C6B36712F4A4238003F2133 /* Frameworks */ = {
			isa = PBXFrameworksBuildPhase;
			buildActionMask = 2147483647;
			files = (
			);
			runOnlyForDeploymentPostprocessing = 0;
		};
		9C6B367B2F4A4238003F2133 /* Frameworks */ = {
			isa = PBXFrameworksBuildPhase;
			buildActionMask = 2147483647;
			files = (
			);
			runOnlyForDeploymentPostprocessing = 0;
		};
/* End PBXFrameworksBuildPhase section */

/* Begin PBXGroup section */
		9C6B365C2F4A422E003F2133 = {
			isa = PBXGroup;
			children = (
				9C6B36672F4A422E003F2133 /* DevHub */,
				9C6B36772F4A4238003F2133 /* DevHubTests */,
				9C6B36812F4A4238003F2133 /* DevHubUITests */,
				9C6B36662F4A422E003F2133 /* Products */,
			);
			sourceTree = "<group>";
		};
		9C6B36662F4A422E003F2133 /* Products */ = {
			isa = PBXGroup;
			children = (
				9C6B36652F4A422E003F2133 /* DevHub.app */,
				9C6B36742F4A4238003F2133 /* DevHubTests.xctest */,
				9C6B367E2F4A4238003F2133 /* DevHubUITests.xctest */,
			);
			name = Products;
			sourceTree = "<group>";
		};
/* End PBXGroup section */

/* Begin PBXNativeTarget section */
		9C6B36642F4A422E003F2133 /* DevHub */ = {
			isa = PBXNativeTarget;
			buildConfigurationList = 9C6B36882F4A4238003F2133 /* Build configuration list for PBXNativeTarget "DevHub" */;
			buildPhases = (
				9C6B36612F4A422E003F2133 /* Sources */,
				9C6B36622F4A422E003F2133 /* Frameworks */,
				9C6B36632F4A422E003F2133 /* Resources */,
			);
			buildRules = (
			);
			dependencies = (
			);
			fileSystemSynchronizedGroups = (
				9C6B36672F4A422E003F2133 /* DevHub */,
			);
			name = DevHub;
			packageProductDependencies = (
				9C6B36922F4A4708003F2133 /* FirebaseAnalytics */,
				9C6B36942F4A4708003F2133 /* FirebaseMessaging */,
				9C6B36972F4A4879003F2133 /* Alamofire */,
				9C6B369A2F4A48A8003F2133 /* KeychainSwift */,
			);
			productName = DevHub;
			productReference = 9C6B36652F4A422E003F2133 /* DevHub.app */;
			productType = "com.apple.product-type.application";
		};
		9C6B36732F4A4238003F2133 /* DevHubTests */ = {
			isa = PBXNativeTarget;
			buildConfigurationList = 9C6B368B2F4A4238003F2133 /* Build configuration list for PBXNativeTarget "DevHubTests" */;
			buildPhases = (
				9C6B36702F4A4238003F2133 /* Sources */,
				9C6B36712F4A4238003F2133 /* Frameworks */,
				9C6B36722F4A4238003F2133 /* Resources */,
			);
			buildRules = (
			);
			dependencies = (
				9C6B36762F4A4238003F2133 /* PBXTargetDependency */,
			);
			fileSystemSynchronizedGroups = (
				9C6B36772F4A4238003F2133 /* DevHubTests */,
			);
			name = DevHubTests;
			packageProductDependencies = (
			);
			productName = DevHubTests;
			productReference = 9C6B36742F4A4238003F2133 /* DevHubTests.xctest */;
			productType = "com.apple.product-type.bundle.unit-test";
		};
		9C6B367D2F4A4238003F2133 /* DevHubUITests */ = {
			isa = PBXNativeTarget;
			buildConfigurationList = 9C6B368E2F4A4238003F2133 /* Build configuration list for PBXNativeTarget "DevHubUITests" */;
			buildPhases = (
				9C6B367A2F4A4238003F2133 /* Sources */,
				9C6B367B2F4A4238003F2133 /* Frameworks */,
				9C6B367C2F4A4238003F2133 /* Resources */,
			);
			buildRules = (
			);
			dependencies = (
				9C6B36802F4A4238003F2133 /* PBXTargetDependency */,
			);
			fileSystemSynchronizedGroups = (
				9C6B36812F4A4238003F2133 /* DevHubUITests */,
			);
			name = DevHubUITests;
			packageProductDependencies = (
			);
			productName = DevHubUITests;
			productReference = 9C6B367E2F4A4238003F2133 /* DevHubUITests.xctest */;
			productType = "com.apple.product-type.bundle.ui-testing";
		};
/* End PBXNativeTarget section */

/* Begin PBXProject section */
		9C6B365D2F4A422E003F2133 /* Project object */ = {
			isa = PBXProject;
			attributes = {
				BuildIndependentTargetsInParallel = 1;
				LastSwiftUpdateCheck = 2620;
				LastUpgradeCheck = 2620;
				TargetAttributes = {
					9C6B36642F4A422E003F2133 = {
						CreatedOnToolsVersion = 26.2;
					};
					9C6B36732F4A4238003F2133 = {
						CreatedOnToolsVersion = 26.2;
						TestTargetID = 9C6B36642F4A422E003F2133;
					};
					9C6B367D2F4A4238003F2133 = {
						CreatedOnToolsVersion = 26.2;
						TestTargetID = 9C6B36642F4A422E003F2133;
					};
				};
			};
			buildConfigurationList = 9C6B36602F4A422E003F2133 /* Build configuration list for PBXProject "DevHub" */;
			developmentRegion = en;
			hasScannedForEncodings = 0;
			knownRegions = (
				en,
				Base,
			);
			mainGroup = 9C6B365C2F4A422E003F2133;
			minimizedProjectReferenceProxies = 1;
			packageReferences = (
				9C6B36912F4A4708003F2133 /* XCRemoteSwiftPackageReference "firebase-ios-sdk" */,
				9C6B36962F4A4879003F2133 /* XCRemoteSwiftPackageReference "Alamofire" */,
				9C6B36992F4A48A8003F2133 /* XCRemoteSwiftPackageReference "keychain-swift" */,
			);
			preferredProjectObjectVersion = 77;
			productRefGroup = 9C6B36662F4A422E003F2133 /* Products */;
			projectDirPath = "";
			projectRoot = "";
			targets = (
				9C6B36642F4A422E003F2133 /* DevHub */,
				9C6B36732F4A4238003F2133 /* DevHubTests */,
				9C6B367D2F4A4238003F2133 /* DevHubUITests */,
			);
		};
/* End PBXProject section */

/* Begin PBXResourcesBuildPhase section */
		9C6B36632F4A422E003F2133 /* Resources */ = {
			isa = PBXResourcesBuildPhase;
			buildActionMask = 2147483647;
			files = (
			);
			runOnlyForDeploymentPostprocessing = 0;
		};
		9C6B36722F4A4238003F2133 /* Resources */ = {
			isa = PBXResourcesBuildPhase;
			buildActionMask = 2147483647;
			files = (
			);
			runOnlyForDeploymentPostprocessing = 0;
		};
		9C6B367C2F4A4238003F2133 /* Resources */ = {
			isa = PBXResourcesBuildPhase;
			buildActionMask = 2147483647;
			files = (
			);
			runOnlyForDeploymentPostprocessing = 0;
		};
/* End PBXResourcesBuildPhase section */

/* Begin PBXSourcesBuildPhase section */
		9C6B36612F4A422E003F2133 /* Sources */ = {
			isa = PBXSourcesBuildPhase;
			buildActionMask = 2147483647;
			files = (
			);
			runOnlyForDeploymentPostprocessing = 0;
		};
		9C6B36702F4A4238003F2133 /* Sources */ = {
			isa = PBXSourcesBuildPhase;
			buildActionMask = 2147483647;
			files = (
			);
			runOnlyForDeploymentPostprocessing = 0;
		};
		9C6B367A2F4A4238003F2133 /* Sources */ = {
			isa = PBXSourcesBuildPhase;
			buildActionMask = 2147483647;
			files = (
			);
			runOnlyForDeploymentPostprocessing = 0;
		};
/* End PBXSourcesBuildPhase section */

/* Begin PBXTargetDependency section */
		9C6B36762F4A4238003F2133 /* PBXTargetDependency */ = {
			isa = PBXTargetDependency;
			target = 9C6B36642F4A422E003F2133 /* DevHub */;
			targetProxy = 9C6B36752F4A4238003F2133 /* PBXContainerItemProxy */;
		};
		9C6B36802F4A4238003F2133 /* PBXTargetDependency */ = {
			isa = PBXTargetDependency;
			target = 9C6B36642F4A422E003F2133 /* DevHub */;
			targetProxy = 9C6B367F2F4A4238003F2133 /* PBXContainerItemProxy */;
		};
/* End PBXTargetDependency section */

/* Begin XCBuildConfiguration section */
		9C6B36862F4A4238003F2133 /* Debug */ = {
			isa = XCBuildConfiguration;
			buildSettings = {
				ALWAYS_SEARCH_USER_PATHS = NO;
				ASSETCATALOG_COMPILER_GENERATE_SWIFT_ASSET_SYMBOL_EXTENSIONS = YES;
				CLANG_ANALYZER_NONNULL = YES;
				CLANG_ANALYZER_NUMBER_OBJECT_CONVERSION = YES_AGGRESSIVE;
				CLANG_CXX_LANGUAGE_STANDARD = "gnu++20";
				CLANG_ENABLE_MODULES = YES;
				CLANG_ENABLE_OBJC_ARC = YES;
				CLANG_ENABLE_OBJC_WEAK = YES;
				CLANG_WARN_BLOCK_CAPTURE_AUTORELEASING = YES;
				CLANG_WARN_BOOL_CONVERSION = YES;
				CLANG_WARN_COMMA = YES;
				CLANG_WARN_CONSTANT_CONVERSION = YES;
				CLANG_WARN_DEPRECATED_OBJC_IMPLEMENTATIONS = YES;
				CLANG_WARN_DIRECT_OBJC_ISA_USAGE = YES_ERROR;
				CLANG_WARN_DOCUMENTATION_COMMENTS = YES;
				CLANG_WARN_EMPTY_BODY = YES;
				CLANG_WARN_ENUM_CONVERSION = YES;
				CLANG_WARN_INFINITE_RECURSION = YES;
				CLANG_WARN_INT_CONVERSION = YES;
				CLANG_WARN_NON_LITERAL_NULL_CONVERSION = YES;
				CLANG_WARN_OBJC_IMPLICIT_RETAIN_SELF = YES;
				CLANG_WARN_OBJC_LITERAL_CONVERSION = YES;
				CLANG_WARN_OBJC_ROOT_CLASS = YES_ERROR;
				CLANG_WARN_QUOTED_INCLUDE_IN_FRAMEWORK_HEADER = YES;
				CLANG_WARN_RANGE_LOOP_ANALYSIS = YES;
				CLANG_WARN_STRICT_PROTOTYPES = YES;
				CLANG_WARN_SUSPICIOUS_MOVE = YES;
				CLANG_WARN_UNGUARDED_AVAILABILITY = YES_AGGRESSIVE;
				CLANG_WARN_UNREACHABLE_CODE = YES;
				CLANG_WARN__DUPLICATE_METHOD_MATCH = YES;
				COPY_PHASE_STRIP = NO;
				DEBUG_INFORMATION_FORMAT = dwarf;
				DEVELOPMENT_TEAM = 3LQN868D4M;
				ENABLE_STRICT_OBJC_MSGSEND = YES;
				ENABLE_TESTABILITY = YES;
				ENABLE_USER_SCRIPT_SANDBOXING = YES;
				GCC_C_LANGUAGE_STANDARD = gnu17;
				GCC_DYNAMIC_NO_PIC = NO;
				GCC_NO_COMMON_BLOCKS = YES;
				GCC_OPTIMIZATION_LEVEL = 0;
				GCC_PREPROCESSOR_DEFINITIONS = (
					"DEBUG=1",
					"$(inherited)",
				);
				GCC_WARN_64_TO_32_BIT_CONVERSION = YES;
				GCC_WARN_ABOUT_RETURN_TYPE = YES_ERROR;
				GCC_WARN_UNDECLARED_SELECTOR = YES;
				GCC_WARN_UNINITIALIZED_AUTOS = YES_AGGRESSIVE;
				GCC_WARN_UNUSED_FUNCTION = YES;
				GCC_WARN_UNUSED_VARIABLE = YES;
				IPHONEOS_DEPLOYMENT_TARGET = 26.2;
				LOCALIZATION_PREFERS_STRING_CATALOGS = YES;
				MTL_ENABLE_DEBUG_INFO = INCLUDE_SOURCE;
				MTL_FAST_MATH = YES;
				ONLY_ACTIVE_ARCH = YES;
				SDKROOT = iphoneos;
				SWIFT_ACTIVE_COMPILATION_CONDITIONS = "DEBUG $(inherited)";
				SWIFT_OPTIMIZATION_LEVEL = "-Onone";
			};
			name = Debug;
		};
		9C6B36872F4A4238003F2133 /* Release */ = {
			isa = XCBuildConfiguration;
			buildSettings = {
				ALWAYS_SEARCH_USER_PATHS = NO;
				ASSETCATALOG_COMPILER_GENERATE_SWIFT_ASSET_SYMBOL_EXTENSIONS = YES;
				CLANG_ANALYZER_NONNULL = YES;
				CLANG_ANALYZER_NUMBER_OBJECT_CONVERSION = YES_AGGRESSIVE;
				CLANG_CXX_LANGUAGE_STANDARD = "gnu++20";
				CLANG_ENABLE_MODULES = YES;
				CLANG_ENABLE_OBJC_ARC = YES;
				CLANG_ENABLE_OBJC_WEAK = YES;
				CLANG_WARN_BLOCK_CAPTURE_AUTORELEASING = YES;
				CLANG_WARN_BOOL_CONVERSION = YES;
				CLANG_WARN_COMMA = YES;
				CLANG_WARN_CONSTANT_CONVERSION = YES;
				CLANG_WARN_DEPRECATED_OBJC_IMPLEMENTATIONS = YES;
				CLANG_WARN_DIRECT_OBJC_ISA_USAGE = YES_ERROR;
				CLANG_WARN_DOCUMENTATION_COMMENTS = YES;
				CLANG_WARN_EMPTY_BODY = YES;
				CLANG_WARN_ENUM_CONVERSION = YES;
				CLANG_WARN_INFINITE_RECURSION = YES;
				CLANG_WARN_INT_CONVERSION = YES;
				CLANG_WARN_NON_LITERAL_NULL_CONVERSION = YES;
				CLANG_WARN_OBJC_IMPLICIT_RETAIN_SELF = YES;
				CLANG_WARN_OBJC_LITERAL_CONVERSION = YES;
				CLANG_WARN_OBJC_ROOT_CLASS = YES_ERROR;
				CLANG_WARN_QUOTED_INCLUDE_IN_FRAMEWORK_HEADER = YES;
				CLANG_WARN_RANGE_LOOP_ANALYSIS = YES;
				CLANG_WARN_STRICT_PROTOTYPES = YES;
				CLANG_WARN_SUSPICIOUS_MOVE = YES;
				CLANG_WARN_UNGUARDED_AVAILABILITY = YES_AGGRESSIVE;
				CLANG_WARN_UNREACHABLE_CODE = YES;
				CLANG_WARN__DUPLICATE_METHOD_MATCH = YES;
				COPY_PHASE_STRIP = NO;
				DEBUG_INFORMATION_FORMAT = "dwarf-with-dsym";
				DEVELOPMENT_TEAM = 3LQN868D4M;
				ENABLE_NS_ASSERTIONS = NO;
				ENABLE_STRICT_OBJC_MSGSEND = YES;
				ENABLE_USER_SCRIPT_SANDBOXING = YES;
				GCC_C_LANGUAGE_STANDARD = gnu17;
				GCC_NO_COMMON_BLOCKS = YES;
				GCC_WARN_64_TO_32_BIT_CONVERSION = YES;
				GCC_WARN_ABOUT_RETURN_TYPE = YES_ERROR;
				GCC_WARN_UNDECLARED_SELECTOR = YES;
				GCC_WARN_UNINITIALIZED_AUTOS = YES_AGGRESSIVE;
				GCC_WARN_UNUSED_FUNCTION = YES;
				GCC_WARN_UNUSED_VARIABLE = YES;
				IPHONEOS_DEPLOYMENT_TARGET = 26.2;
				LOCALIZATION_PREFERS_STRING_CATALOGS = YES;
				MTL_ENABLE_DEBUG_INFO = NO;
				MTL_FAST_MATH = YES;
				SDKROOT = iphoneos;
				SWIFT_COMPILATION_MODE = wholemodule;
				VALIDATE_PRODUCT = YES;
			};
			name = Release;
		};
		9C6B36892F4A4238003F2133 /* Debug */ = {
			isa = XCBuildConfiguration;
			buildSettings = {
				ASSETCATALOG_COMPILER_APPICON_NAME = AppIcon;
				ASSETCATALOG_COMPILER_GLOBAL_ACCENT_COLOR_NAME = AccentColor;
				CODE_SIGN_STYLE = Automatic;
				CURRENT_PROJECT_VERSION = 1;
				DEVELOPMENT_TEAM = 3LQN868D4M;
				ENABLE_PREVIEWS = YES;
				GENERATE_INFOPLIST_FILE = YES;
				INFOPLIST_KEY_UIApplicationSceneManifest_Generation = YES;
				INFOPLIST_KEY_UIApplicationSupportsIndirectInputEvents = YES;
				INFOPLIST_KEY_UILaunchScreen_Generation = YES;
				INFOPLIST_KEY_UISupportedInterfaceOrientations_iPad = "UIInterfaceOrientationPortrait UIInterfaceOrientationPortraitUpsideDown UIInterfaceOrientationLandscapeLeft UIInterfaceOrientationLandscapeRight";
				INFOPLIST_KEY_UISupportedInterfaceOrientations_iPhone = "UIInterfaceOrientationPortrait UIInterfaceOrientationLandscapeLeft UIInterfaceOrientationLandscapeRight";
				LD_RUNPATH_SEARCH_PATHS = (
					"$(inherited)",
					"@executable_path/Frameworks",
				);
				MARKETING_VERSION = 1.0;
				PRODUCT_BUNDLE_IDENTIFIER = app.study.DevHub;
				PRODUCT_NAME = "$(TARGET_NAME)";
				STRING_CATALOG_GENERATE_SYMBOLS = YES;
				SWIFT_APPROACHABLE_CONCURRENCY = YES;
				SWIFT_DEFAULT_ACTOR_ISOLATION = MainActor;
				SWIFT_EMIT_LOC_STRINGS = YES;
				SWIFT_UPCOMING_FEATURE_MEMBER_IMPORT_VISIBILITY = YES;
				SWIFT_VERSION = 5.0;
				TARGETED_DEVICE_FAMILY = "1,2";
			};
			name = Debug;
		};
		9C6B368A2F4A4238003F2133 /* Release */ = {
			isa = XCBuildConfiguration;
			buildSettings = {
				ASSETCATALOG_COMPILER_APPICON_NAME = AppIcon;
				ASSETCATALOG_COMPILER_GLOBAL_ACCENT_COLOR_NAME = AccentColor;
				CODE_SIGN_STYLE = Automatic;
				CURRENT_PROJECT_VERSION = 1;
				DEVELOPMENT_TEAM = 3LQN868D4M;
				ENABLE_PREVIEWS = YES;
				GENERATE_INFOPLIST_FILE = YES;
				INFOPLIST_KEY_UIApplicationSceneManifest_Generation = YES;
				INFOPLIST_KEY_UIApplicationSupportsIndirectInputEvents = YES;
				INFOPLIST_KEY_UILaunchScreen_Generation = YES;
				INFOPLIST_KEY_UISupportedInterfaceOrientations_iPad = "UIInterfaceOrientationPortrait UIInterfaceOrientationPortraitUpsideDown UIInterfaceOrientationLandscapeLeft UIInterfaceOrientationLandscapeRight";
				INFOPLIST_KEY_UISupportedInterfaceOrientations_iPhone = "UIInterfaceOrientationPortrait UIInterfaceOrientationLandscapeLeft UIInterfaceOrientationLandscapeRight";
				LD_RUNPATH_SEARCH_PATHS = (
					"$(inherited)",
					"@executable_path/Frameworks",
				);
				MARKETING_VERSION = 1.0;
				PRODUCT_BUNDLE_IDENTIFIER = app.study.DevHub;
				PRODUCT_NAME = "$(TARGET_NAME)";
				STRING_CATALOG_GENERATE_SYMBOLS = YES;
				SWIFT_APPROACHABLE_CONCURRENCY = YES;
				SWIFT_DEFAULT_ACTOR_ISOLATION = MainActor;
				SWIFT_EMIT_LOC_STRINGS = YES;
				SWIFT_UPCOMING_FEATURE_MEMBER_IMPORT_VISIBILITY = YES;
				SWIFT_VERSION = 5.0;
				TARGETED_DEVICE_FAMILY = "1,2";
			};
			name = Release;
		};
		9C6B368C2F4A4238003F2133 /* Debug */ = {
			isa = XCBuildConfiguration;
			buildSettings = {
				BUNDLE_LOADER = "$(TEST_HOST)";
				CODE_SIGN_STYLE = Automatic;
				CURRENT_PROJECT_VERSION = 1;
				DEVELOPMENT_TEAM = 3LQN868D4M;
				GENERATE_INFOPLIST_FILE = YES;
				IPHONEOS_DEPLOYMENT_TARGET = 26.2;
				MARKETING_VERSION = 1.0;
				PRODUCT_BUNDLE_IDENTIFIER = app.study.DevHubTests;
				PRODUCT_NAME = "$(TARGET_NAME)";
				STRING_CATALOG_GENERATE_SYMBOLS = NO;
				SWIFT_APPROACHABLE_CONCURRENCY = YES;
				SWIFT_EMIT_LOC_STRINGS = NO;
				SWIFT_UPCOMING_FEATURE_MEMBER_IMPORT_VISIBILITY = YES;
				SWIFT_VERSION = 5.0;
				TARGETED_DEVICE_FAMILY = "1,2";
				TEST_HOST = "$(BUILT_PRODUCTS_DIR)/DevHub.app/$(BUNDLE_EXECUTABLE_FOLDER_PATH)/DevHub";
			};
			name = Debug;
		};
		9C6B368D2F4A4238003F2133 /* Release */ = {
			isa = XCBuildConfiguration;
			buildSettings = {
				BUNDLE_LOADER = "$(TEST_HOST)";
				CODE_SIGN_STYLE = Automatic;
				CURRENT_PROJECT_VERSION = 1;
				DEVELOPMENT_TEAM = 3LQN868D4M;
				GENERATE_INFOPLIST_FILE = YES;
				IPHONEOS_DEPLOYMENT_TARGET = 26.2;
				MARKETING_VERSION = 1.0;
				PRODUCT_BUNDLE_IDENTIFIER = app.study.DevHubTests;
				PRODUCT_NAME = "$(TARGET_NAME)";
				STRING_CATALOG_GENERATE_SYMBOLS = NO;
				SWIFT_APPROACHABLE_CONCURRENCY = YES;
				SWIFT_EMIT_LOC_STRINGS = NO;
				SWIFT_UPCOMING_FEATURE_MEMBER_IMPORT_VISIBILITY = YES;
				SWIFT_VERSION = 5.0;
				TARGETED_DEVICE_FAMILY = "1,2";
				TEST_HOST = "$(BUILT_PRODUCTS_DIR)/DevHub.app/$(BUNDLE_EXECUTABLE_FOLDER_PATH)/DevHub";
			};
			name = Release;
		};
		9C6B368F2F4A4238003F2133 /* Debug */ = {
			isa = XCBuildConfiguration;
			buildSettings = {
				CODE_SIGN_STYLE = Automatic;
				CURRENT_PROJECT_VERSION = 1;
				DEVELOPMENT_TEAM = 3LQN868D4M;
				GENERATE_INFOPLIST_FILE = YES;
				MARKETING_VERSION = 1.0;
				PRODUCT_BUNDLE_IDENTIFIER = app.study.DevHubUITests;
				PRODUCT_NAME = "$(TARGET_NAME)";
				STRING_CATALOG_GENERATE_SYMBOLS = NO;
				SWIFT_APPROACHABLE_CONCURRENCY = YES;
				SWIFT_EMIT_LOC_STRINGS = NO;
				SWIFT_UPCOMING_FEATURE_MEMBER_IMPORT_VISIBILITY = YES;
				SWIFT_VERSION = 5.0;
				TARGETED_DEVICE_FAMILY = "1,2";
				TEST_TARGET_NAME = DevHub;
			};
			name = Debug;
		};
		9C6B36902F4A4238003F2133 /* Release */ = {
			isa = XCBuildConfiguration;
			buildSettings = {
				CODE_SIGN_STYLE = Automatic;
				CURRENT_PROJECT_VERSION = 1;
				DEVELOPMENT_TEAM = 3LQN868D4M;
				GENERATE_INFOPLIST_FILE = YES;
				MARKETING_VERSION = 1.0;
				PRODUCT_BUNDLE_IDENTIFIER = app.study.DevHubUITests;
				PRODUCT_NAME = "$(TARGET_NAME)";
				STRING_CATALOG_GENERATE_SYMBOLS = NO;
				SWIFT_APPROACHABLE_CONCURRENCY = YES;
				SWIFT_EMIT_LOC_STRINGS = NO;
				SWIFT_UPCOMING_FEATURE_MEMBER_IMPORT_VISIBILITY = YES;
				SWIFT_VERSION = 5.0;
				TARGETED_DEVICE_FAMILY = "1,2";
				TEST_TARGET_NAME = DevHub;
			};
			name = Release;
		};
/* End XCBuildConfiguration section */

/* Begin XCConfigurationList section */
		9C6B36602F4A422E003F2133 /* Build configuration list for PBXProject "DevHub" */ = {
			isa = XCConfigurationList;
			buildConfigurations = (
				9C6B36862F4A4238003F2133 /* Debug */,
				9C6B36872F4A4238003F2133 /* Release */,
			);
			defaultConfigurationIsVisible = 0;
			defaultConfigurationName = Release;
		};
		9C6B36882F4A4238003F2133 /* Build configuration list for PBXNativeTarget "DevHub" */ = {
			isa = XCConfigurationList;
			buildConfigurations = (
				9C6B36892F4A4238003F2133 /* Debug */,
				9C6B368A2F4A4238003F2133 /* Release */,
			);
			defaultConfigurationIsVisible = 0;
			defaultConfigurationName = Release;
		};
		9C6B368B2F4A4238003F2133 /* Build configuration list for PBXNativeTarget "DevHubTests" */ = {
			isa = XCConfigurationList;
			buildConfigurations = (
				9C6B368C2F4A4238003F2133 /* Debug */,
				9C6B368D2F4A4238003F2133 /* Release */,
			);
			defaultConfigurationIsVisible = 0;
			defaultConfigurationName = Release;
		};
		9C6B368E2F4A4238003F2133 /* Build configuration list for PBXNativeTarget "DevHubUITests" */ = {
			isa = XCConfigurationList;
			buildConfigurations = (
				9C6B368F2F4A4238003F2133 /* Debug */,
				9C6B36902F4A4238003F2133 /* Release */,
			);
			defaultConfigurationIsVisible = 0;
			defaultConfigurationName = Release;
		};
/* End XCConfigurationList section */

/* Begin XCRemoteSwiftPackageReference section */
		9C6B36912F4A4708003F2133 /* XCRemoteSwiftPackageReference "firebase-ios-sdk" */ = {
			isa = XCRemoteSwiftPackageReference;
			repositoryURL = "https://github.com/firebase/firebase-ios-sdk.git";
			requirement = {
				kind = upToNextMajorVersion;
				minimumVersion = 12.9.0;
			};
		};
		9C6B36962F4A4879003F2133 /* XCRemoteSwiftPackageReference "Alamofire" */ = {
			isa = XCRemoteSwiftPackageReference;
			repositoryURL = "https://github.com/Alamofire/Alamofire.git";
			requirement = {
				kind = upToNextMajorVersion;
				minimumVersion = 5.11.1;
			};
		};
		9C6B36992F4A48A8003F2133 /* XCRemoteSwiftPackageReference "keychain-swift" */ = {
			isa = XCRemoteSwiftPackageReference;
			repositoryURL = "https://github.com/evgenyneu/keychain-swift.git";
			requirement = {
				kind = upToNextMajorVersion;
				minimumVersion = 24.0.0;
			};
		};
/* End XCRemoteSwiftPackageReference section */

/* Begin XCSwiftPackageProductDependency section */
		9C6B36922F4A4708003F2133 /* FirebaseAnalytics */ = {
			isa = XCSwiftPackageProductDependency;
			package = 9C6B36912F4A4708003F2133 /* XCRemoteSwiftPackageReference "firebase-ios-sdk" */;
			productName = FirebaseAnalytics;
		};
		9C6B36942F4A4708003F2133 /* FirebaseMessaging */ = {
			isa = XCSwiftPackageProductDependency;
			package = 9C6B36912F4A4708003F2133 /* XCRemoteSwiftPackageReference "firebase-ios-sdk" */;
			productName = FirebaseMessaging;
		};
		9C6B36972F4A4879003F2133 /* Alamofire */ = {
			isa = XCSwiftPackageProductDependency;
			package = 9C6B36962F4A4879003F2133 /* XCRemoteSwiftPackageReference "Alamofire" */;
			productName = Alamofire;
		};
		9C6B369A2F4A48A8003F2133 /* KeychainSwift */ = {
			isa = XCSwiftPackageProductDependency;
			package = 9C6B36992F4A48A8003F2133 /* XCRemoteSwiftPackageReference "keychain-swift" */;
			productName = KeychainSwift;
		};
/* End XCSwiftPackageProductDependency section */
	};
	rootObject = 9C6B365D2F4A422E003F2133 /* Project object */;
}
